// !$*UTF8*$!
{
	archiveVersion = 1;
	classes = {
	};
	objectVersion = 56;
	objects = {

/* Begin PBXBuildFile section */
		DDE9207D2BF2BEB2001EB4C6 /* AppDelegate.swift in Sources */ = {isa = PBXBuildFile; fileRef = DDE9207C2BF2BEB2001EB4C6 /* AppDelegate.swift */; };
		DDE9207F2BF2BEB2001EB4C6 /* SceneDelegate.swift in Sources */ = {isa = PBXBuildFile; fileRef = DDE9207E2BF2BEB2001EB4C6 /* SceneDelegate.swift */; };
		DDE920812BF2BEB2001EB4C6 /* ViewController.swift in Sources */ = {isa = PBXBuildFile; fileRef = DDE920802BF2BEB2001EB4C6 /* ViewController.swift */; };
		DDE920872BF2BEB2001EB4C6 /* ProductListApp.xcdatamodeld in Sources */ = {isa = PBXBuildFile; fileRef = DDE920852BF2BEB2001EB4C6 /* ProductListApp.xcdatamodeld */; };
		DDE920892BF2BEB7001EB4C6 /* Assets.xcassets in Resources */ = {isa = PBXBuildFile; fileRef = DDE920882BF2BEB7001EB4C6 /* Assets.xcassets */; };
		DDE9208C2BF2BEB7001EB4C6 /* LaunchScreen.storyboard in Resources */ = {isa = PBXBuildFile; fileRef = DDE9208A2BF2BEB7001EB4C6 /* LaunchScreen.storyboard */; };
		DDE920972BF2BEB8001EB4C6 /* ProductListAppTests.swift in Sources */ = {isa = PBXBuildFile; fileRef = DDE920962BF2BEB8001EB4C6 /* ProductListAppTests.swift */; };
		DDE920B82BF2C49F001EB4C6 /* View.swift in Sources */ = {isa = PBXBuildFile; fileRef = DDE920B72BF2C49F001EB4C6 /* View.swift */; };
		DDE920BB2BF2C4D5001EB4C6 /* Interactor.swift in Sources */ = {isa = PBXBuildFile; fileRef = DDE920BA2BF2C4D5001EB4C6 /* Interactor.swift */; };
		DDE920BD2BF2C4E4001EB4C6 /* Presenter.swift in Sources */ = {isa = PBXBuildFile; fileRef = DDE920BC2BF2C4E4001EB4C6 /* Presenter.swift */; };
		DDE920BF2BF2C4F2001EB4C6 /* Router.swift in Sources */ = {isa = PBXBuildFile; fileRef = DDE920BE2BF2C4F2001EB4C6 /* Router.swift */; };
		DDE920C12BF2C510001EB4C6 /* ProductModel.swift in Sources */ = {isa = PBXBuildFile; fileRef = DDE920C02BF2C510001EB4C6 /* ProductModel.swift */; };
/* End PBXBuildFile section */

/* Begin PBXContainerItemProxy section */
		DDE920932BF2BEB8001EB4C6 /* PBXContainerItemProxy */ = {
			isa = PBXContainerItemProxy;
			containerPortal = DDE920712BF2BEB2001EB4C6 /* Project object */;
			proxyType = 1;
			remoteGlobalIDString = DDE920782BF2BEB2001EB4C6;
			remoteInfo = ProductListApp;
		};
/* End PBXContainerItemProxy section */

/* Begin PBXFileReference section */
		DDE920792BF2BEB2001EB4C6 /* ProductListApp.app */ = {isa = PBXFileReference; explicitFileType = wrapper.application; includeInIndex = 0; path = ProductListApp.app; sourceTree = BUILT_PRODUCTS_DIR; };
		DDE9207C2BF2BEB2001EB4C6 /* AppDelegate.swift */ = {isa = PBXFileReference; lastKnownFileType = sourcecode.swift; path = AppDelegate.swift; sourceTree = "<group>"; };
		DDE9207E2BF2BEB2001EB4C6 /* SceneDelegate.swift */ = {isa = PBXFileReference; lastKnownFileType = sourcecode.swift; path = SceneDelegate.swift; sourceTree = "<group>"; };
		DDE920802BF2BEB2001EB4C6 /* ViewController.swift */ = {isa = PBXFileReference; lastKnownFileType = sourcecode.swift; path = ViewController.swift; sourceTree = "<group>"; };
		DDE920862BF2BEB2001EB4C6 /* ProductListApp.xcdatamodel */ = {isa = PBXFileReference; lastKnownFileType = wrapper.xcdatamodel; path = ProductListApp.xcdatamodel; sourceTree = "<group>"; };
		DDE920882BF2BEB7001EB4C6 /* Assets.xcassets */ = {isa = PBXFileReference; lastKnownFileType = folder.assetcatalog; path = Assets.xcassets; sourceTree = "<group>"; };
		DDE9208B2BF2BEB7001EB4C6 /* Base */ = {isa = PBXFileReference; lastKnownFileType = file.storyboard; name = Base; path = Base.lproj/LaunchScreen.storyboard; sourceTree = "<group>"; };
		DDE9208D2BF2BEB7001EB4C6 /* Info.plist */ = {isa = PBXFileReference; lastKnownFileType = text.plist.xml; path = Info.plist; sourceTree = "<group>"; };
		DDE920922BF2BEB8001EB4C6 /* ProductListAppTests.xctest */ = {isa = PBXFileReference; explicitFileType = wrapper.cfbundle; includeInIndex = 0; path = ProductListAppTests.xctest; sourceTree = BUILT_PRODUCTS_DIR; };
		DDE920962BF2BEB8001EB4C6 /* ProductListAppTests.swift */ = {isa = PBXFileReference; lastKnownFileType = sourcecode.swift; path = ProductListAppTests.swift; sourceTree = "<group>"; };
		DDE920B72BF2C49F001EB4C6 /* View.swift */ = {isa = PBXFileReference; lastKnownFileType = sourcecode.swift; path = View.swift; sourceTree = "<group>"; };
		DDE920BA2BF2C4D5001EB4C6 /* Interactor.swift */ = {isa = PBXFileReference; lastKnownFileType = sourcecode.swift; path = Interactor.swift; sourceTree = "<group>"; };
		DDE920BC2BF2C4E4001EB4C6 /* Presenter.swift */ = {isa = PBXFileReference; lastKnownFileType = sourcecode.swift; path = Presenter.swift; sourceTree = "<group>"; };
		DDE920BE2BF2C4F2001EB4C6 /* Router.swift */ = {isa = PBXFileReference; lastKnownFileType = sourcecode.swift; path = Router.swift; sourceTree = "<group>"; };
		DDE920C02BF2C510001EB4C6 /* ProductModel.swift */ = {isa = PBXFileReference; lastKnownFileType = sourcecode.swift; path = ProductModel.swift; sourceTree = "<group>"; };
/* End PBXFileReference section */

/* Begin PBXFrameworksBuildPhase section */
		DDE920762BF2BEB2001EB4C6 /* Frameworks */ = {
			isa = PBXFrameworksBuildPhase;
			buildActionMask = 2147483647;
			files = (
			);
			runOnlyForDeploymentPostprocessing = 0;
		};
		DDE9208F2BF2BEB8001EB4C6 /* Frameworks */ = {
			isa = PBXFrameworksBuildPhase;
			buildActionMask = 2147483647;
			files = (
			);
			runOnlyForDeploymentPostprocessing = 0;
		};
/* End PBXFrameworksBuildPhase section */

/* Begin PBXGroup section */
		DDE920702BF2BEB2001EB4C6 = {
			isa = PBXGroup;
			children = (
				DDE9207B2BF2BEB2001EB4C6 /* ProductListApp */,
				DDE920952BF2BEB8001EB4C6 /* ProductListAppTests */,
				DDE9207A2BF2BEB2001EB4C6 /* Products */,
			);
			sourceTree = "<group>";
		};
		DDE9207A2BF2BEB2001EB4C6 /* Products */ = {
			isa = PBXGroup;
			children = (
				DDE920792BF2BEB2001EB4C6 /* ProductListApp.app */,
				DDE920922BF2BEB8001EB4C6 /* ProductListAppTests.xctest */,
			);
			name = Products;
			sourceTree = "<group>";
		};
		DDE9207B2BF2BEB2001EB4C6 /* ProductListApp */ = {
			isa = PBXGroup;
			children = (
				DDE920B32BF2C3E5001EB4C6 /* Router */,
				DDE920B22BF2C3DD001EB4C6 /* Entity */,
				DDE920B12BF2C3D6001EB4C6 /* Presenter */,
				DDE920B02BF2C3CC001EB4C6 /* Interactor */,
				DDE920AF2BF2C3BF001EB4C6 /* View */,
				DDE9207C2BF2BEB2001EB4C6 /* AppDelegate.swift */,
				DDE9207E2BF2BEB2001EB4C6 /* SceneDelegate.swift */,
				DDE920802BF2BEB2001EB4C6 /* ViewController.swift */,
				DDE920882BF2BEB7001EB4C6 /* Assets.xcassets */,
				DDE9208A2BF2BEB7001EB4C6 /* LaunchScreen.storyboard */,
				DDE9208D2BF2BEB7001EB4C6 /* Info.plist */,
				DDE920852BF2BEB2001EB4C6 /* ProductListApp.xcdatamodeld */,
			);
			path = ProductListApp;
			sourceTree = "<group>";
		};
		DDE920952BF2BEB8001EB4C6 /* ProductListAppTests */ = {
			isa = PBXGroup;
			children = (
				DDE920962BF2BEB8001EB4C6 /* ProductListAppTests.swift */,
			);
			path = ProductListAppTests;
			sourceTree = "<group>";
		};
		DDE920AF2BF2C3BF001EB4C6 /* View */ = {
			isa = PBXGroup;
			children = (
				DDE920B72BF2C49F001EB4C6 /* View.swift */,
			);
			path = View;
			sourceTree = "<group>";
		};
		DDE920B02BF2C3CC001EB4C6 /* Interactor */ = {
			isa = PBXGroup;
			children = (
				DDE920BA2BF2C4D5001EB4C6 /* Interactor.swift */,
			);
			path = Interactor;
			sourceTree = "<group>";
		};
		DDE920B12BF2C3D6001EB4C6 /* Presenter */ = {
			isa = PBXGroup;
			children = (
				DDE920BC2BF2C4E4001EB4C6 /* Presenter.swift */,
			);
			path = Presenter;
			sourceTree = "<group>";
		};
		DDE920B22BF2C3DD001EB4C6 /* Entity */ = {
			isa = PBXGroup;
			children = (
				DDE920C02BF2C510001EB4C6 /* ProductModel.swift */,
			);
			path = Entity;
			sourceTree = "<group>";
		};
		DDE920B32BF2C3E5001EB4C6 /* Router */ = {
			isa = PBXGroup;
			children = (
				DDE920BE2BF2C4F2001EB4C6 /* Router.swift */,
			);
			path = Router;
			sourceTree = "<group>";
		};
/* End PBXGroup section */

/* Begin PBXNativeTarget section */
		DDE920782BF2BEB2001EB4C6 /* ProductListApp */ = {
			isa = PBXNativeTarget;
			buildConfigurationList = DDE920A62BF2BEB8001EB4C6 /* Build configuration list for PBXNativeTarget "ProductListApp" */;
			buildPhases = (
				DDE920752BF2BEB2001EB4C6 /* Sources */,
				DDE920762BF2BEB2001EB4C6 /* Frameworks */,
				DDE920772BF2BEB2001EB4C6 /* Resources */,
			);
			buildRules = (
			);
			dependencies = (
			);
			name = ProductListApp;
			productName = ProductListApp;
			productReference = DDE920792BF2BEB2001EB4C6 /* ProductListApp.app */;
			productType = "com.apple.product-type.application";
		};
		DDE920912BF2BEB8001EB4C6 /* ProductListAppTests */ = {
			isa = PBXNativeTarget;
			buildConfigurationList = DDE920A92BF2BEB8001EB4C6 /* Build configuration list for PBXNativeTarget "ProductListAppTests" */;
			buildPhases = (
				DDE9208E2BF2BEB8001EB4C6 /* Sources */,
				DDE9208F2BF2BEB8001EB4C6 /* Frameworks */,
				DDE920902BF2BEB8001EB4C6 /* Resources */,
			);
			buildRules = (
			);
			dependencies = (
				DDE920942BF2BEB8001EB4C6 /* PBXTargetDependency */,
			);
			name = ProductListAppTests;
			productName = ProductListAppTests;
			productReference = DDE920922BF2BEB8001EB4C6 /* ProductListAppTests.xctest */;
			productType = "com.apple.product-type.bundle.unit-test";
		};
/* End PBXNativeTarget section */

/* Begin PBXProject section */
		DDE920712BF2BEB2001EB4C6 /* Project object */ = {
			isa = PBXProject;
			attributes = {
				BuildIndependentTargetsInParallel = 1;
				LastSwiftUpdateCheck = 1400;
				LastUpgradeCheck = 1400;
				TargetAttributes = {
					DDE920782BF2BEB2001EB4C6 = {
						CreatedOnToolsVersion = 14.0;
					};
					DDE920912BF2BEB8001EB4C6 = {
						CreatedOnToolsVersion = 14.0;
						TestTargetID = DDE920782BF2BEB2001EB4C6;
					};
				};
			};
			buildConfigurationList = DDE920742BF2BEB2001EB4C6 /* Build configuration list for PBXProject "ProductListApp" */;
			compatibilityVersion = "Xcode 14.0";
			developmentRegion = en;
			hasScannedForEncodings = 0;
			knownRegions = (
				en,
				Base,
			);
			mainGroup = DDE920702BF2BEB2001EB4C6;
			productRefGroup = DDE9207A2BF2BEB2001EB4C6 /* Products */;
			projectDirPath = "";
			projectRoot = "";
			targets = (
				DDE920782BF2BEB2001EB4C6 /* ProductListApp */,
				DDE920912BF2BEB8001EB4C6 /* ProductListAppTests */,
			);
		};
/* End PBXProject section */

/* Begin PBXResourcesBuildPhase section */
		DDE920772BF2BEB2001EB4C6 /* Resources */ = {
			isa = PBXResourcesBuildPhase;
			buildActionMask = 2147483647;
			files = (
				DDE9208C2BF2BEB7001EB4C6 /* LaunchScreen.storyboard in Resources */,
				DDE920892BF2BEB7001EB4C6 /* Assets.xcassets in Resources */,
			);
			runOnlyForDeploymentPostprocessing = 0;
		};
		DDE920902BF2BEB8001EB4C6 /* Resources */ = {
			isa = PBXResourcesBuildPhase;
			buildActionMask = 2147483647;
			files = (
			);
			runOnlyForDeploymentPostprocessing = 0;
		};
/* End PBXResourcesBuildPhase section */

/* Begin PBXSourcesBuildPhase section */
		DDE920752BF2BEB2001EB4C6 /* Sources */ = {
			isa = PBXSourcesBuildPhase;
			buildActionMask = 2147483647;
			files = (
				DDE920BF2BF2C4F2001EB4C6 /* Router.swift in Sources */,
				DDE920BB2BF2C4D5001EB4C6 /* Interactor.swift in Sources */,
				DDE920BD2BF2C4E4001EB4C6 /* Presenter.swift in Sources */,
				DDE920812BF2BEB2001EB4C6 /* ViewController.swift in Sources */,
				DDE920C12BF2C510001EB4C6 /* ProductModel.swift in Sources */,
				DDE920872BF2BEB2001EB4C6 /* ProductListApp.xcdatamodeld in Sources */,
				DDE920B82BF2C49F001EB4C6 /* View.swift in Sources */,
				DDE9207D2BF2BEB2001EB4C6 /* AppDelegate.swift in Sources */,
				DDE9207F2BF2BEB2001EB4C6 /* SceneDelegate.swift in Sources */,
			);
			runOnlyForDeploymentPostprocessing = 0;
		};
		DDE9208E2BF2BEB8001EB4C6 /* Sources */ = {
			isa = PBXSourcesBuildPhase;
			buildActionMask = 2147483647;
			files = (
				DDE920972BF2BEB8001EB4C6 /* ProductListAppTests.swift in Sources */,
			);
			runOnlyForDeploymentPostprocessing = 0;
		};
/* End PBXSourcesBuildPhase section */

/* Begin PBXTargetDependency section */
		DDE920942BF2BEB8001EB4C6 /* PBXTargetDependency */ = {
			isa = PBXTargetDependency;
			target = DDE920782BF2BEB2001EB4C6 /* ProductListApp */;
			targetProxy = DDE920932BF2BEB8001EB4C6 /* PBXContainerItemProxy */;
		};
/* End PBXTargetDependency section */

/* Begin PBXVariantGroup section */
		DDE9208A2BF2BEB7001EB4C6 /* LaunchScreen.storyboard */ = {
			isa = PBXVariantGroup;
			children = (
				DDE9208B2BF2BEB7001EB4C6 /* Base */,
			);
			name = LaunchScreen.storyboard;
			sourceTree = "<group>";
		};
/* End PBXVariantGroup section */

/* Begin XCBuildConfiguration section */
		DDE920A42BF2BEB8001EB4C6 /* Debug */ = {
			isa = XCBuildConfiguration;
			buildSettings = {
				ALWAYS_SEARCH_USER_PATHS = NO;
				CLANG_ANALYZER_NONNULL = YES;
				CLANG_ANALYZER_NUMBER_OBJECT_CONVERSION = YES_AGGRESSIVE;
				CLANG_CXX_LANGUAGE_STANDARD = "gnu++20";
				CLANG_ENABLE_MODULES = YES;
				CLANG_ENABLE_OBJC_ARC = YES;
				CLANG_ENABLE_OBJC_WEAK = YES;
				CLANG_WARN_BLOCK_CAPTURE_AUTORELEASING = YES;
				CLANG_WARN_BOOL_CONVERSION = YES;
				CLANG_WARN_COMMA = YES;
				CLANG_WARN_CONSTANT_CONVERSION = YES;
				CLANG_WARN_DEPRECATED_OBJC_IMPLEMENTATIONS = YES;
				CLANG_WARN_DIRECT_OBJC_ISA_USAGE = YES_ERROR;
				CLANG_WARN_DOCUMENTATION_COMMENTS = YES;
				CLANG_WARN_EMPTY_BODY = YES;
				CLANG_WARN_ENUM_CONVERSION = YES;
				CLANG_WARN_INFINITE_RECURSION = YES;
				CLANG_WARN_INT_CONVERSION = YES;
				CLANG_WARN_NON_LITERAL_NULL_CONVERSION = YES;
				CLANG_WARN_OBJC_IMPLICIT_RETAIN_SELF = YES;
				CLANG_WARN_OBJC_LITERAL_CONVERSION = YES;
				CLANG_WARN_OBJC_ROOT_CLASS = YES_ERROR;
				CLANG_WARN_QUOTED_INCLUDE_IN_FRAMEWORK_HEADER = YES;
				CLANG_WARN_RANGE_LOOP_ANALYSIS = YES;
				CLANG_WARN_STRICT_PROTOTYPES = YES;
				CLANG_WARN_SUSPICIOUS_MOVE = YES;
				CLANG_WARN_UNGUARDED_AVAILABILITY = YES_AGGRESSIVE;
				CLANG_WARN_UNREACHABLE_CODE = YES;
				CLANG_WARN__DUPLICATE_METHOD_MATCH = YES;
				COPY_PHASE_STRIP = NO;
				DEBUG_INFORMATION_FORMAT = dwarf;
				ENABLE_STRICT_OBJC_MSGSEND = YES;
				ENABLE_TESTABILITY = YES;
				GCC_C_LANGUAGE_STANDARD = gnu11;
				GCC_DYNAMIC_NO_PIC = NO;
				GCC_NO_COMMON_BLOCKS = YES;
				GCC_OPTIMIZATION_LEVEL = 0;
				GCC_PREPROCESSOR_DEFINITIONS = (
					"DEBUG=1",
					"$(inherited)",
				);
				GCC_WARN_64_TO_32_BIT_CONVERSION = YES;
				GCC_WARN_ABOUT_RETURN_TYPE = YES_ERROR;
				GCC_WARN_UNDECLARED_SELECTOR = YES;
				GCC_WARN_UNINITIALIZED_AUTOS = YES_AGGRESSIVE;
				GCC_WARN_UNUSED_FUNCTION = YES;
				GCC_WARN_UNUSED_VARIABLE = YES;
				IPHONEOS_DEPLOYMENT_TARGET = 16.0;
				MTL_ENABLE_DEBUG_INFO = INCLUDE_SOURCE;
				MTL_FAST_MATH = YES;
				ONLY_ACTIVE_ARCH = YES;
				SDKROOT = iphoneos;
				SWIFT_ACTIVE_COMPILATION_CONDITIONS = DEBUG;
				SWIFT_OPTIMIZATION_LEVEL = "-Onone";
			};
			name = Debug;
		};
		DDE920A52BF2BEB8001EB4C6 /* Release */ = {
			isa = XCBuildConfiguration;
			buildSettings = {
				ALWAYS_SEARCH_USER_PATHS = NO;
				CLANG_ANALYZER_NONNULL = YES;
				CLANG_ANALYZER_NUMBER_OBJECT_CONVERSION = YES_AGGRESSIVE;
				CLANG_CXX_LANGUAGE_STANDARD = "gnu++20";
				CLANG_ENABLE_MODULES = YES;
				CLANG_ENABLE_OBJC_ARC = YES;
				CLANG_ENABLE_OBJC_WEAK = YES;
				CLANG_WARN_BLOCK_CAPTURE_AUTORELEASING = YES;
				CLANG_WARN_BOOL_CONVERSION = YES;
				CLANG_WARN_COMMA = YES;
				CLANG_WARN_CONSTANT_CONVERSION = YES;
				CLANG_WARN_DEPRECATED_OBJC_IMPLEMENTATIONS = YES;
				CLANG_WARN_DIRECT_OBJC_ISA_USAGE = YES_ERROR;
				CLANG_WARN_DOCUMENTATION_COMMENTS = YES;
				CLANG_WARN_EMPTY_BODY = YES;
				CLANG_WARN_ENUM_CONVERSION = YES;
				CLANG_WARN_INFINITE_RECURSION = YES;
				CLANG_WARN_INT_CONVERSION = YES;
				CLANG_WARN_NON_LITERAL_NULL_CONVERSION = YES;
				CLANG_WARN_OBJC_IMPLICIT_RETAIN_SELF = YES;
				CLANG_WARN_OBJC_LITERAL_CONVERSION = YES;
				CLANG_WARN_OBJC_ROOT_CLASS = YES_ERROR;
				CLANG_WARN_QUOTED_INCLUDE_IN_FRAMEWORK_HEADER = YES;
				CLANG_WARN_RANGE_LOOP_ANALYSIS = YES;
				CLANG_WARN_STRICT_PROTOTYPES = YES;
				CLANG_WARN_SUSPICIOUS_MOVE = YES;
				CLANG_WARN_UNGUARDED_AVAILABILITY = YES_AGGRESSIVE;
				CLANG_WARN_UNREACHABLE_CODE = YES;
				CLANG_WARN__DUPLICATE_METHOD_MATCH = YES;
				COPY_PHASE_STRIP = NO;
				DEBUG_INFORMATION_FORMAT = "dwarf-with-dsym";
				ENABLE_NS_ASSERTIONS = NO;
				ENABLE_STRICT_OBJC_MSGSEND = YES;
				GCC_C_LANGUAGE_STANDARD = gnu11;
				GCC_NO_COMMON_BLOCKS = YES;
				GCC_WARN_64_TO_32_BIT_CONVERSION = YES;
				GCC_WARN_ABOUT_RETURN_TYPE = YES_ERROR;
				GCC_WARN_UNDECLARED_SELECTOR = YES;
				GCC_WARN_UNINITIALIZED_AUTOS = YES_AGGRESSIVE;
				GCC_WARN_UNUSED_FUNCTION = YES;
				GCC_WARN_UNUSED_VARIABLE = YES;
				IPHONEOS_DEPLOYMENT_TARGET = 16.0;
				MTL_ENABLE_DEBUG_INFO = NO;
				MTL_FAST_MATH = YES;
				SDKROOT = iphoneos;
				SWIFT_COMPILATION_MODE = wholemodule;
				SWIFT_OPTIMIZATION_LEVEL = "-O";
				VALIDATE_PRODUCT = YES;
			};
			name = Release;
		};
		DDE920A72BF2BEB8001EB4C6 /* Debug */ = {
			isa = XCBuildConfiguration;
			buildSettings = {
				ASSETCATALOG_COMPILER_APPICON_NAME = AppIcon;
				ASSETCATALOG_COMPILER_GLOBAL_ACCENT_COLOR_NAME = AccentColor;
				CODE_SIGN_STYLE = Automatic;
				CURRENT_PROJECT_VERSION = 1;
				GENERATE_INFOPLIST_FILE = YES;
				INFOPLIST_FILE = ProductListApp/Info.plist;
				INFOPLIST_KEY_UIApplicationSupportsIndirectInputEvents = YES;
				INFOPLIST_KEY_UILaunchStoryboardName = LaunchScreen;
				INFOPLIST_KEY_UIMainStoryboardFile = Main;
				INFOPLIST_KEY_UISupportedInterfaceOrientations_iPad = "UIInterfaceOrientationPortrait UIInterfaceOrientationPortraitUpsideDown UIInterfaceOrientationLandscapeLeft UIInterfaceOrientationLandscapeRight";
				INFOPLIST_KEY_UISupportedInterfaceOrientations_iPhone = "UIInterfaceOrientationPortrait UIInterfaceOrientationLandscapeLeft UIInterfaceOrientationLandscapeRight";
				LD_RUNPATH_SEARCH_PATHS = (
					"$(inherited)",
					"@executable_path/Frameworks",
				);
				MARKETING_VERSION = 1.0;
				PRODUCT_BUNDLE_IDENTIFIER = meli.ProductListApp;
				PRODUCT_NAME = "$(TARGET_NAME)";
				SWIFT_EMIT_LOC_STRINGS = YES;
				SWIFT_VERSION = 5.0;
				TARGETED_DEVICE_FAMILY = "1,2";
			};
			name = Debug;
		};
		DDE920A82BF2BEB8001EB4C6 /* Release */ = {
			isa = XCBuildConfiguration;
			buildSettings = {
				ASSETCATALOG_COMPILER_APPICON_NAME = AppIcon;
				ASSETCATALOG_COMPILER_GLOBAL_ACCENT_COLOR_NAME = AccentColor;
				CODE_SIGN_STYLE = Automatic;
				CURRENT_PROJECT_VERSION = 1;
				GENERATE_INFOPLIST_FILE = YES;
				INFOPLIST_FILE = ProductListApp/Info.plist;
				INFOPLIST_KEY_UIApplicationSupportsIndirectInputEvents = YES;
				INFOPLIST_KEY_UILaunchStoryboardName = LaunchScreen;
				INFOPLIST_KEY_UIMainStoryboardFile = Main;
				INFOPLIST_KEY_UISupportedInterfaceOrientations_iPad = "UIInterfaceOrientationPortrait UIInterfaceOrientationPortraitUpsideDown UIInterfaceOrientationLandscapeLeft UIInterfaceOrientationLandscapeRight";
				INFOPLIST_KEY_UISupportedInterfaceOrientations_iPhone = "UIInterfaceOrientationPortrait UIInterfaceOrientationLandscapeLeft UIInterfaceOrientationLandscapeRight";
				LD_RUNPATH_SEARCH_PATHS = (
					"$(inherited)",
					"@executable_path/Frameworks",
				);
				MARKETING_VERSION = 1.0;
				PRODUCT_BUNDLE_IDENTIFIER = meli.ProductListApp;
				PRODUCT_NAME = "$(TARGET_NAME)";
				SWIFT_EMIT_LOC_STRINGS = YES;
				SWIFT_VERSION = 5.0;
				TARGETED_DEVICE_FAMILY = "1,2";
			};
			name = Release;
		};
		DDE920AA2BF2BEB8001EB4C6 /* Debug */ = {
			isa = XCBuildConfiguration;
			buildSettings = {
				ALWAYS_EMBED_SWIFT_STANDARD_LIBRARIES = YES;
				BUNDLE_LOADER = "$(TEST_HOST)";
				CODE_SIGN_STYLE = Automatic;
				CURRENT_PROJECT_VERSION = 1;
				GENERATE_INFOPLIST_FILE = YES;
				IPHONEOS_DEPLOYMENT_TARGET = 16.0;
				MARKETING_VERSION = 1.0;
				PRODUCT_BUNDLE_IDENTIFIER = meli.ProductListAppTests;
				PRODUCT_NAME = "$(TARGET_NAME)";
				SWIFT_EMIT_LOC_STRINGS = NO;
				SWIFT_VERSION = 5.0;
				TARGETED_DEVICE_FAMILY = "1,2";
				TEST_HOST = "$(BUILT_PRODUCTS_DIR)/ProductListApp.app/$(BUNDLE_EXECUTABLE_FOLDER_PATH)/ProductListApp";
			};
			name = Debug;
		};
		DDE920AB2BF2BEB8001EB4C6 /* Release */ = {
			isa = XCBuildConfiguration;
			buildSettings = {
				ALWAYS_EMBED_SWIFT_STANDARD_LIBRARIES = YES;
				BUNDLE_LOADER = "$(TEST_HOST)";
				CODE_SIGN_STYLE = Automatic;
				CURRENT_PROJECT_VERSION = 1;
				GENERATE_INFOPLIST_FILE = YES;
				IPHONEOS_DEPLOYMENT_TARGET = 16.0;
				MARKETING_VERSION = 1.0;
				PRODUCT_BUNDLE_IDENTIFIER = meli.ProductListAppTests;
				PRODUCT_NAME = "$(TARGET_NAME)";
				SWIFT_EMIT_LOC_STRINGS = NO;
				SWIFT_VERSION = 5.0;
				TARGETED_DEVICE_FAMILY = "1,2";
				TEST_HOST = "$(BUILT_PRODUCTS_DIR)/ProductListApp.app/$(BUNDLE_EXECUTABLE_FOLDER_PATH)/ProductListApp";
			};
			name = Release;
		};
/* End XCBuildConfiguration section */

/* Begin XCConfigurationList section */
		DDE920742BF2BEB2001EB4C6 /* Build configuration list for PBXProject "ProductListApp" */ = {
			isa = XCConfigurationList;
			buildConfigurations = (
				DDE920A42BF2BEB8001EB4C6 /* Debug */,
				DDE920A52BF2BEB8001EB4C6 /* Release */,
			);
			defaultConfigurationIsVisible = 0;
			defaultConfigurationName = Release;
		};
		DDE920A62BF2BEB8001EB4C6 /* Build configuration list for PBXNativeTarget "ProductListApp" */ = {
			isa = XCConfigurationList;
			buildConfigurations = (
				DDE920A72BF2BEB8001EB4C6 /* Debug */,
				DDE920A82BF2BEB8001EB4C6 /* Release */,
			);
			defaultConfigurationIsVisible = 0;
			defaultConfigurationName = Release;
		};
		DDE920A92BF2BEB8001EB4C6 /* Build configuration list for PBXNativeTarget "ProductListAppTests" */ = {
			isa = XCConfigurationList;
			buildConfigurations = (
				DDE920AA2BF2BEB8001EB4C6 /* Debug */,
				DDE920AB2BF2BEB8001EB4C6 /* Release */,
			);
			defaultConfigurationIsVisible = 0;
			defaultConfigurationName = Release;
		};
/* End XCConfigurationList section */

/* Begin XCVersionGroup section */
		DDE920852BF2BEB2001EB4C6 /* ProductListApp.xcdatamodeld */ = {
			isa = XCVersionGroup;
			children = (
				DDE920862BF2BEB2001EB4C6 /* ProductListApp.xcdatamodel */,
			);
			currentVersion = DDE920862BF2BEB2001EB4C6 /* ProductListApp.xcdatamodel */;
			path = ProductListApp.xcdatamodeld;
			sourceTree = "<group>";
			versionGroupType = wrapper.xcdatamodel;
		};
/* End XCVersionGroup section */
	};
	rootObject = DDE920712BF2BEB2001EB4C6 /* Project object */;
}
